<?xml version="1.0" encoding="utf-8"?>
<Project ToolsVersion="4.0" xmlns="http://schemas.microsoft.com/developer/msbuild/2003">
  <ItemGroup>
    <Filter Include="Source Files">
      <UniqueIdentifier>{4FC737F1-C7A5-4376-A066-2A32D752A2FF}</UniqueIdentifier>
      <Extensions>cpp;c;cc;cxx;c++;cppm;ixx;def;odl;idl;hpj;bat;asm;asmx</Extensions>
    </Filter>
    <Filter Include="Header Files">
      <UniqueIdentifier>{93995380-89BD-4b04-88EB-625FBE52EBFB}</UniqueIdentifier>
      <Extensions>h;hh;hpp;hxx;h++;hm;inl;inc;ipp;xsd</Extensions>
    </Filter>
    <Filter Include="Build Tools">
      <UniqueIdentifier>{A4B2E9E7-0563-44E7-8D64-3C5B4566D2D3}</UniqueIdentifier>
      <Extensions>bat;cmd;ps1</Extensions>
    </Filter>
    <Filter Include="Config">
      <UniqueIdentifier>{7E89EEC1-05EE-4D4B-894F-A7CFA5290BF0}</UniqueIdentifier>
    </Filter>
    <Filter Include="Documentation">
      <UniqueIdentifier>{16596433-4178-4FBD-8626-52301E6E5E31}</UniqueIdentifier>
      <Extensions>md;png;jpg;jpeg;gif;bmp</Extensions>
    </Filter>
  </ItemGroup>
  <ItemGroup>
    <ClCompile Include="json.cpp">
      <Filter>Source Files</Filter>
    </ClCompile>
    <ClCompile Include="languages.cpp">
      <Filter>Source Files</Filter>
    </ClCompile>
    <ClCompile Include="main.cpp">
      <Filter>Source Files</Filter>
    </ClCompile>
    <ClCompile Include="config.cpp">
      <Filter>Source Files</Filter>
    </ClCompile>
    <ClCompile Include="logger.cpp">
      <Filter>Source Files</Filter>
    </ClCompile>
    <ClCompile Include="path.cpp">
      <Filter>Source Files</Filter>
    </ClCompile>
    <ClCompile Include="runtime_state.cpp">
      <Filter>Source Files</Filter>
    </ClCompile>
    <ClCompile Include="transport.cpp">
      <Filter>Source Files</Filter>
    </ClCompile>
    <ClCompile Include="serial.cpp">
      <Filter>Source Files</Filter>
    </ClCompile>
    <ClCompile Include="net_transport.cpp">
      <Filter>Source Files</Filter>
    </ClCompile>
    <ClCompile Include="rk512.cpp">
      <Filter>Source Files</Filter>
    </ClCompile>
    <ClCompile Include="runtime.cpp">
      <Filter>Source Files</Filter>
    </ClCompile>
    <ClCompile Include="ui_fonts.cpp">
      <Filter>Source Files</Filter>
    </ClCompile>
    <ClCompile Include="version.cpp">
      <Filter>Source Files</Filter>
    </ClCompile>
  </ItemGroup>
  <ItemGroup>
    <ClInclude Include="common.h">
      <Filter>Header Files</Filter>
    </ClInclude>
    <ClInclude Include="config.h">
      <Filter>Header Files</Filter>
    </ClInclude>
    <ClInclude Include="json.h">
      <Filter>Header Files</Filter>
    </ClInclude>
    <ClInclude Include="languages.h">
      <Filter>Header Files</Filter>
    </ClInclude>
    <ClInclude Include="logger.h">
      <Filter>Header Files</Filter>
    </ClInclude>
    <ClInclude Include="path.h">
      <Filter>Header Files</Filter>
    </ClInclude>
    <ClInclude Include="runtime_state.h">
      <Filter>Header Files</Filter>
    </ClInclude>
    <ClInclude Include="transport.h">
      <Filter>Header Files</Filter>
    </ClInclude>
    <ClInclude Include="serial.h">
      <Filter>Header Files</Filter>
    </ClInclude>
    <ClInclude Include="net_transport.h">
      <Filter>Header Files</Filter>
    </ClInclude>
    <ClInclude Include="rk512.h">
      <Filter>Header Files</Filter>
    </ClInclude>
    <ClInclude Include="runtime.h">
      <Filter>Header Files</Filter>
    </ClInclude>
    <ClInclude Include="ui_fonts.h">
      <Filter>Header Files</Filter>
    </ClInclude>
    <ClInclude Include="version.h">
      <Filter>Header Files</Filter>
    </ClInclude>
    <ClInclude Include="about.h">
      <Filter>Header Files</Filter>
    </ClInclude>
  </ItemGroup>
  <ItemGroup>
    <None Include="..\build_tools\post_build_runtime.bat">
      <Filter>Build Tools</Filter>
    </None>
    <None Include="..\conf\config.json">
      <Filter>Config</Filter>
    </None>
    <None Include="..\conf\languages.json">
      <Filter>Config</Filter>
    </None>
    <None Include="..\docs\README.md">
      <Filter>Documentation</Filter>
    </None>
    <None Include="..\docs\README_cz.md">
      <Filter>Documentation</Filter>
    </None>
    <None Include="..\docs\MANUAL.md">
      <Filter>Documentation</Filter>
    </None>
    <None Include="..\docs\MANUAL_cz.md">
      <Filter>Documentation</Filter>
    </None>
  </ItemGroup>
</Project>